// !$*UTF8*$!
{
	archiveVersion = 1;
	classes = {
	};
	objectVersion = 50;
	objects = {

/* Begin PBXBuildFile section */
		6A16F44F221C407A00F8F779 /* Constants.swift in Sources */ = {isa = PBXBuildFile; fileRef = 6A16F44E221C407A00F8F779 /* Constants.swift */; };
		6A3EC5EE22199BD600C98570 /* Client.swift in Sources */ = {isa = PBXBuildFile; fileRef = 6A3EC5ED22199BD600C98570 /* Client.swift */; };
		6A3EC5F022199CD100C98570 /* DataController.swift in Sources */ = {isa = PBXBuildFile; fileRef = 6A3EC5EF22199CD100C98570 /* DataController.swift */; };
		6A42741F222411B400671AD4 /* PhotosViewController.swift in Sources */ = {isa = PBXBuildFile; fileRef = 6A42741E222411B400671AD4 /* PhotosViewController.swift */; };
		6A44E0812229714D00E07443 /* Functions.swift in Sources */ = {isa = PBXBuildFile; fileRef = 6A44E0802229714D00E07443 /* Functions.swift */; };
		6A48DCE02218AF0B008CA75C /* AppDelegate.swift in Sources */ = {isa = PBXBuildFile; fileRef = 6A48DCDF2218AF0B008CA75C /* AppDelegate.swift */; };
		6A48DCE22218AF0B008CA75C /* HomeViewController.swift in Sources */ = {isa = PBXBuildFile; fileRef = 6A48DCE12218AF0B008CA75C /* HomeViewController.swift */; };
		6A48DCE52218AF0B008CA75C /* Main.storyboard in Resources */ = {isa = PBXBuildFile; fileRef = 6A48DCE32218AF0B008CA75C /* Main.storyboard */; };
		6A48DCE82218AF0B008CA75C /* Nasa_App.xcdatamodeld in Sources */ = {isa = PBXBuildFile; fileRef = 6A48DCE62218AF0B008CA75C /* Nasa_App.xcdatamodeld */; };
		6A48DCEA2218AF10008CA75C /* Assets.xcassets in Resources */ = {isa = PBXBuildFile; fileRef = 6A48DCE92218AF10008CA75C /* Assets.xcassets */; };
		6A48DCED2218AF10008CA75C /* LaunchScreen.storyboard in Resources */ = {isa = PBXBuildFile; fileRef = 6A48DCEB2218AF10008CA75C /* LaunchScreen.storyboard */; };
		6A518559222181AB0043B341 /* Photo.swift in Sources */ = {isa = PBXBuildFile; fileRef = 6A518558222181AB0043B341 /* Photo.swift */; };
		6A51855B222181CE0043B341 /* Photo+CoreDataProperties.swift in Sources */ = {isa = PBXBuildFile; fileRef = 6A51855A222181CE0043B341 /* Photo+CoreDataProperties.swift */; };
		6A51855D222181E60043B341 /* PhotoParser.swift in Sources */ = {isa = PBXBuildFile; fileRef = 6A51855C222181E60043B341 /* PhotoParser.swift */; };
		6A51855F222182180043B341 /* Sonda.swift in Sources */ = {isa = PBXBuildFile; fileRef = 6A51855E222182180043B341 /* Sonda.swift */; };
		6A518561222182320043B341 /* Sonda+CoreDataProperties.swift in Sources */ = {isa = PBXBuildFile; fileRef = 6A518560222182320043B341 /* Sonda+CoreDataProperties.swift */; };
		6AA5D814222828280065F377 /* Extensions.swift in Sources */ = {isa = PBXBuildFile; fileRef = 6AA5D813222828280065F377 /* Extensions.swift */; };
/* End PBXBuildFile section */

/* Begin PBXFileReference section */
		6A16F44E221C407A00F8F779 /* Constants.swift */ = {isa = PBXFileReference; lastKnownFileType = sourcecode.swift; path = Constants.swift; sourceTree = "<group>"; };
		6A3EC5ED22199BD600C98570 /* Client.swift */ = {isa = PBXFileReference; lastKnownFileType = sourcecode.swift; path = Client.swift; sourceTree = "<group>"; };
		6A3EC5EF22199CD100C98570 /* DataController.swift */ = {isa = PBXFileReference; lastKnownFileType = sourcecode.swift; path = DataController.swift; sourceTree = "<group>"; };
		6A42741E222411B400671AD4 /* PhotosViewController.swift */ = {isa = PBXFileReference; lastKnownFileType = sourcecode.swift; path = PhotosViewController.swift; sourceTree = "<group>"; };
		6A44E0802229714D00E07443 /* Functions.swift */ = {isa = PBXFileReference; lastKnownFileType = sourcecode.swift; path = Functions.swift; sourceTree = "<group>"; };
		6A48DCDC2218AF0B008CA75C /* Nasa App.app */ = {isa = PBXFileReference; explicitFileType = wrapper.application; includeInIndex = 0; path = "Nasa App.app"; sourceTree = BUILT_PRODUCTS_DIR; };
		6A48DCDF2218AF0B008CA75C /* AppDelegate.swift */ = {isa = PBXFileReference; lastKnownFileType = sourcecode.swift; path = AppDelegate.swift; sourceTree = "<group>"; };
		6A48DCE12218AF0B008CA75C /* HomeViewController.swift */ = {isa = PBXFileReference; lastKnownFileType = sourcecode.swift; path = HomeViewController.swift; sourceTree = "<group>"; };
		6A48DCE42218AF0B008CA75C /* Base */ = {isa = PBXFileReference; lastKnownFileType = file.storyboard; name = Base; path = Base.lproj/Main.storyboard; sourceTree = "<group>"; };
		6A48DCE72218AF0B008CA75C /* Nasa_App.xcdatamodel */ = {isa = PBXFileReference; lastKnownFileType = wrapper.xcdatamodel; path = Nasa_App.xcdatamodel; sourceTree = "<group>"; };
		6A48DCE92218AF10008CA75C /* Assets.xcassets */ = {isa = PBXFileReference; lastKnownFileType = folder.assetcatalog; path = Assets.xcassets; sourceTree = "<group>"; };
		6A48DCEC2218AF10008CA75C /* Base */ = {isa = PBXFileReference; lastKnownFileType = file.storyboard; name = Base; path = Base.lproj/LaunchScreen.storyboard; sourceTree = "<group>"; };
		6A48DCEE2218AF10008CA75C /* Info.plist */ = {isa = PBXFileReference; lastKnownFileType = text.plist.xml; path = Info.plist; sourceTree = "<group>"; };
		6A518558222181AB0043B341 /* Photo.swift */ = {isa = PBXFileReference; lastKnownFileType = sourcecode.swift; path = Photo.swift; sourceTree = "<group>"; };
		6A51855A222181CE0043B341 /* Photo+CoreDataProperties.swift */ = {isa = PBXFileReference; lastKnownFileType = sourcecode.swift; path = "Photo+CoreDataProperties.swift"; sourceTree = "<group>"; };
		6A51855C222181E60043B341 /* PhotoParser.swift */ = {isa = PBXFileReference; lastKnownFileType = sourcecode.swift; path = PhotoParser.swift; sourceTree = "<group>"; };
		6A51855E222182180043B341 /* Sonda.swift */ = {isa = PBXFileReference; lastKnownFileType = sourcecode.swift; path = Sonda.swift; sourceTree = "<group>"; };
		6A518560222182320043B341 /* Sonda+CoreDataProperties.swift */ = {isa = PBXFileReference; lastKnownFileType = sourcecode.swift; path = "Sonda+CoreDataProperties.swift"; sourceTree = "<group>"; };
		6AA5D813222828280065F377 /* Extensions.swift */ = {isa = PBXFileReference; lastKnownFileType = sourcecode.swift; path = Extensions.swift; sourceTree = "<group>"; };
/* End PBXFileReference section */

/* Begin PBXFrameworksBuildPhase section */
		6A48DCD92218AF0B008CA75C /* Frameworks */ = {
			isa = PBXFrameworksBuildPhase;
			buildActionMask = 2147483647;
			files = (
			);
			runOnlyForDeploymentPostprocessing = 0;
		};
/* End PBXFrameworksBuildPhase section */

/* Begin PBXGroup section */
		6A16F44D221C406B00F8F779 /* Constants */ = {
			isa = PBXGroup;
			children = (
				6A16F44E221C407A00F8F779 /* Constants.swift */,
			);
			path = Constants;
			sourceTree = "<group>";
		};
		6A3EC5E52219907E00C98570 /* ViewController */ = {
			isa = PBXGroup;
			children = (
				6A48DCE12218AF0B008CA75C /* HomeViewController.swift */,
				6A42741E222411B400671AD4 /* PhotosViewController.swift */,
			);
			path = ViewController;
			sourceTree = "<group>";
		};
		6A3EC5E62219908900C98570 /* Model */ = {
			isa = PBXGroup;
			children = (
				6A518558222181AB0043B341 /* Photo.swift */,
				6A51855A222181CE0043B341 /* Photo+CoreDataProperties.swift */,
				6A51855C222181E60043B341 /* PhotoParser.swift */,
				6A51855E222182180043B341 /* Sonda.swift */,
				6A518560222182320043B341 /* Sonda+CoreDataProperties.swift */,
				6A48DCE62218AF0B008CA75C /* Nasa_App.xcdatamodeld */,
			);
			path = Model;
			sourceTree = "<group>";
		};
		6A3EC5E72219908F00C98570 /* View */ = {
			isa = PBXGroup;
			children = (
				6A48DCE32218AF0B008CA75C /* Main.storyboard */,
				6A48DCEB2218AF10008CA75C /* LaunchScreen.storyboard */,
			);
			path = View;
			sourceTree = "<group>";
		};
		6A3EC5EC22199BC000C98570 /* Network */ = {
			isa = PBXGroup;
			children = (
				6A3EC5ED22199BD600C98570 /* Client.swift */,
			);
			path = Network;
			sourceTree = "<group>";
		};
		6A44E07F2229712700E07443 /* Services */ = {
			isa = PBXGroup;
			children = (
				6A44E0802229714D00E07443 /* Functions.swift */,
			);
			path = Services;
			sourceTree = "<group>";
		};
		6A48DCD32218AF0B008CA75C = {
			isa = PBXGroup;
			children = (
				6A48DCDE2218AF0B008CA75C /* Nasa App */,
				6A48DCDD2218AF0B008CA75C /* Products */,
			);
			sourceTree = "<group>";
		};
		6A48DCDD2218AF0B008CA75C /* Products */ = {
			isa = PBXGroup;
			children = (
				6A48DCDC2218AF0B008CA75C /* Nasa App.app */,
			);
			name = Products;
			sourceTree = "<group>";
		};
		6A48DCDE2218AF0B008CA75C /* Nasa App */ = {
			isa = PBXGroup;
			children = (
				6A44E07F2229712700E07443 /* Services */,
				6AA5D812222828110065F377 /* Extensions */,
				6A16F44D221C406B00F8F779 /* Constants */,
				6A3EC5EC22199BC000C98570 /* Network */,
				6A3EC5E72219908F00C98570 /* View */,
				6A3EC5E62219908900C98570 /* Model */,
				6A3EC5E52219907E00C98570 /* ViewController */,
				6A48DCDF2218AF0B008CA75C /* AppDelegate.swift */,
				6A48DCE92218AF10008CA75C /* Assets.xcassets */,
				6A48DCEE2218AF10008CA75C /* Info.plist */,
				6A3EC5EF22199CD100C98570 /* DataController.swift */,
			);
			path = "Nasa App";
			sourceTree = "<group>";
		};
		6AA5D812222828110065F377 /* Extensions */ = {
			isa = PBXGroup;
			children = (
				6AA5D813222828280065F377 /* Extensions.swift */,
			);
			path = Extensions;
			sourceTree = "<group>";
		};
/* End PBXGroup section */

/* Begin PBXNativeTarget section */
		6A48DCDB2218AF0B008CA75C /* Nasa App */ = {
			isa = PBXNativeTarget;
			buildConfigurationList = 6A48DCF12218AF10008CA75C /* Build configuration list for PBXNativeTarget "Nasa App" */;
			buildPhases = (
				6A48DCD82218AF0B008CA75C /* Sources */,
				6A48DCD92218AF0B008CA75C /* Frameworks */,
				6A48DCDA2218AF0B008CA75C /* Resources */,
			);
			buildRules = (
			);
			dependencies = (
			);
			name = "Nasa App";
			productName = "Nasa App";
			productReference = 6A48DCDC2218AF0B008CA75C /* Nasa App.app */;
			productType = "com.apple.product-type.application";
		};
/* End PBXNativeTarget section */

/* Begin PBXProject section */
		6A48DCD42218AF0B008CA75C /* Project object */ = {
			isa = PBXProject;
			attributes = {
				LastSwiftUpdateCheck = 1010;
				LastUpgradeCheck = 1010;
				ORGANIZATIONNAME = "Lucas Daniel";
				TargetAttributes = {
					6A48DCDB2218AF0B008CA75C = {
						CreatedOnToolsVersion = 10.1;
					};
				};
			};
			buildConfigurationList = 6A48DCD72218AF0B008CA75C /* Build configuration list for PBXProject "Nasa App" */;
			compatibilityVersion = "Xcode 9.3";
			developmentRegion = en;
			hasScannedForEncodings = 0;
			knownRegions = (
				en,
				Base,
			);
			mainGroup = 6A48DCD32218AF0B008CA75C;
			productRefGroup = 6A48DCDD2218AF0B008CA75C /* Products */;
			projectDirPath = "";
			projectRoot = "";
			targets = (
				6A48DCDB2218AF0B008CA75C /* Nasa App */,
			);
		};
/* End PBXProject section */

/* Begin PBXResourcesBuildPhase section */
		6A48DCDA2218AF0B008CA75C /* Resources */ = {
			isa = PBXResourcesBuildPhase;
			buildActionMask = 2147483647;
			files = (
				6A48DCED2218AF10008CA75C /* LaunchScreen.storyboard in Resources */,
				6A48DCEA2218AF10008CA75C /* Assets.xcassets in Resources */,
				6A48DCE52218AF0B008CA75C /* Main.storyboard in Resources */,
			);
			runOnlyForDeploymentPostprocessing = 0;
		};
/* End PBXResourcesBuildPhase section */

/* Begin PBXSourcesBuildPhase section */
		6A48DCD82218AF0B008CA75C /* Sources */ = {
			isa = PBXSourcesBuildPhase;
			buildActionMask = 2147483647;
			files = (
				6A518559222181AB0043B341 /* Photo.swift in Sources */,
				6A518561222182320043B341 /* Sonda+CoreDataProperties.swift in Sources */,
				6A16F44F221C407A00F8F779 /* Constants.swift in Sources */,
				6A44E0812229714D00E07443 /* Functions.swift in Sources */,
				6A51855D222181E60043B341 /* PhotoParser.swift in Sources */,
				6A51855F222182180043B341 /* Sonda.swift in Sources */,
				6A3EC5F022199CD100C98570 /* DataController.swift in Sources */,
				6A48DCE82218AF0B008CA75C /* Nasa_App.xcdatamodeld in Sources */,
				6A48DCE22218AF0B008CA75C /* HomeViewController.swift in Sources */,
				6AA5D814222828280065F377 /* Extensions.swift in Sources */,
				6A3EC5EE22199BD600C98570 /* Client.swift in Sources */,
				6A42741F222411B400671AD4 /* PhotosViewController.swift in Sources */,
				6A51855B222181CE0043B341 /* Photo+CoreDataProperties.swift in Sources */,
				6A48DCE02218AF0B008CA75C /* AppDelegate.swift in Sources */,
			);
			runOnlyForDeploymentPostprocessing = 0;
		};
/* End PBXSourcesBuildPhase section */

/* Begin PBXVariantGroup section */
		6A48DCE32218AF0B008CA75C /* Main.storyboard */ = {
			isa = PBXVariantGroup;
			children = (
				6A48DCE42218AF0B008CA75C /* Base */,
			);
			name = Main.storyboard;
			sourceTree = "<group>";
		};
		6A48DCEB2218AF10008CA75C /* LaunchScreen.storyboard */ = {
			isa = PBXVariantGroup;
			children = (
				6A48DCEC2218AF10008CA75C /* Base */,
			);
			name = LaunchScreen.storyboard;
			sourceTree = "<group>";
		};
/* End PBXVariantGroup section */

/* Begin XCBuildConfiguration section */
		6A48DCEF2218AF10008CA75C /* Debug */ = {
			isa = XCBuildConfiguration;
			buildSettings = {
				ALWAYS_SEARCH_USER_PATHS = NO;
				CLANG_ANALYZER_NONNULL = YES;
				CLANG_ANALYZER_NUMBER_OBJECT_CONVERSION = YES_AGGRESSIVE;
				CLANG_CXX_LANGUAGE_STANDARD = "gnu++14";
				CLANG_CXX_LIBRARY = "libc++";
				CLANG_ENABLE_MODULES = YES;
				CLANG_ENABLE_OBJC_ARC = YES;
				CLANG_ENABLE_OBJC_WEAK = YES;
				CLANG_WARN_BLOCK_CAPTURE_AUTORELEASING = YES;
				CLANG_WARN_BOOL_CONVERSION = YES;
				CLANG_WARN_COMMA = YES;
				CLANG_WARN_CONSTANT_CONVERSION = YES;
				CLANG_WARN_DEPRECATED_OBJC_IMPLEMENTATIONS = YES;
				CLANG_WARN_DIRECT_OBJC_ISA_USAGE = YES_ERROR;
				CLANG_WARN_DOCUMENTATION_COMMENTS = YES;
				CLANG_WARN_EMPTY_BODY = YES;
				CLANG_WARN_ENUM_CONVERSION = YES;
				CLANG_WARN_INFINITE_RECURSION = YES;
				CLANG_WARN_INT_CONVERSION = YES;
				CLANG_WARN_NON_LITERAL_NULL_CONVERSION = YES;
				CLANG_WARN_OBJC_IMPLICIT_RETAIN_SELF = YES;
				CLANG_WARN_OBJC_LITERAL_CONVERSION = YES;
				CLANG_WARN_OBJC_ROOT_CLASS = YES_ERROR;
				CLANG_WARN_RANGE_LOOP_ANALYSIS = YES;
				CLANG_WARN_STRICT_PROTOTYPES = YES;
				CLANG_WARN_SUSPICIOUS_MOVE = YES;
				CLANG_WARN_UNGUARDED_AVAILABILITY = YES_AGGRESSIVE;
				CLANG_WARN_UNREACHABLE_CODE = YES;
				CLANG_WARN__DUPLICATE_METHOD_MATCH = YES;
				CODE_SIGN_IDENTITY = "iPhone Developer";
				COPY_PHASE_STRIP = NO;
				DEBUG_INFORMATION_FORMAT = dwarf;
				ENABLE_STRICT_OBJC_MSGSEND = YES;
				ENABLE_TESTABILITY = YES;
				GCC_C_LANGUAGE_STANDARD = gnu11;
				GCC_DYNAMIC_NO_PIC = NO;
				GCC_NO_COMMON_BLOCKS = YES;
				GCC_OPTIMIZATION_LEVEL = 0;
				GCC_PREPROCESSOR_DEFINITIONS = (
					"DEBUG=1",
					"$(inherited)",
				);
				GCC_WARN_64_TO_32_BIT_CONVERSION = YES;
				GCC_WARN_ABOUT_RETURN_TYPE = YES_ERROR;
				GCC_WARN_UNDECLARED_SELECTOR = YES;
				GCC_WARN_UNINITIALIZED_AUTOS = YES_AGGRESSIVE;
				GCC_WARN_UNUSED_FUNCTION = YES;
				GCC_WARN_UNUSED_VARIABLE = YES;
				IPHONEOS_DEPLOYMENT_TARGET = 12.1;
				MTL_ENABLE_DEBUG_INFO = INCLUDE_SOURCE;
				MTL_FAST_MATH = YES;
				ONLY_ACTIVE_ARCH = YES;
				SDKROOT = iphoneos;
				SWIFT_ACTIVE_COMPILATION_CONDITIONS = DEBUG;
				SWIFT_OPTIMIZATION_LEVEL = "-Onone";
			};
			name = Debug;
		};
		6A48DCF02218AF10008CA75C /* Release */ = {
			isa = XCBuildConfiguration;
			buildSettings = {
				ALWAYS_SEARCH_USER_PATHS = NO;
				CLANG_ANALYZER_NONNULL = YES;
				CLANG_ANALYZER_NUMBER_OBJECT_CONVERSION = YES_AGGRESSIVE;
				CLANG_CXX_LANGUAGE_STANDARD = "gnu++14";
				CLANG_CXX_LIBRARY = "libc++";
				CLANG_ENABLE_MODULES = YES;
				CLANG_ENABLE_OBJC_ARC = YES;
				CLANG_ENABLE_OBJC_WEAK = YES;
				CLANG_WARN_BLOCK_CAPTURE_AUTORELEASING = YES;
				CLANG_WARN_BOOL_CONVERSION = YES;
				CLANG_WARN_COMMA = YES;
				CLANG_WARN_CONSTANT_CONVERSION = YES;
				CLANG_WARN_DEPRECATED_OBJC_IMPLEMENTATIONS = YES;
				CLANG_WARN_DIRECT_OBJC_ISA_USAGE = YES_ERROR;
				CLANG_WARN_DOCUMENTATION_COMMENTS = YES;
				CLANG_WARN_EMPTY_BODY = YES;
				CLANG_WARN_ENUM_CONVERSION = YES;
				CLANG_WARN_INFINITE_RECURSION = YES;
				CLANG_WARN_INT_CONVERSION = YES;
				CLANG_WARN_NON_LITERAL_NULL_CONVERSION = YES;
				CLANG_WARN_OBJC_IMPLICIT_RETAIN_SELF = YES;
				CLANG_WARN_OBJC_LITERAL_CONVERSION = YES;
				CLANG_WARN_OBJC_ROOT_CLASS = YES_ERROR;
				CLANG_WARN_RANGE_LOOP_ANALYSIS = YES;
				CLANG_WARN_STRICT_PROTOTYPES = YES;
				CLANG_WARN_SUSPICIOUS_MOVE = YES;
				CLANG_WARN_UNGUARDED_AVAILABILITY = YES_AGGRESSIVE;
				CLANG_WARN_UNREACHABLE_CODE = YES;
				CLANG_WARN__DUPLICATE_METHOD_MATCH = YES;
				CODE_SIGN_IDENTITY = "iPhone Developer";
				COPY_PHASE_STRIP = NO;
				DEBUG_INFORMATION_FORMAT = "dwarf-with-dsym";
				ENABLE_NS_ASSERTIONS = NO;
				ENABLE_STRICT_OBJC_MSGSEND = YES;
				GCC_C_LANGUAGE_STANDARD = gnu11;
				GCC_NO_COMMON_BLOCKS = YES;
				GCC_WARN_64_TO_32_BIT_CONVERSION = YES;
				GCC_WARN_ABOUT_RETURN_TYPE = YES_ERROR;
				GCC_WARN_UNDECLARED_SELECTOR = YES;
				GCC_WARN_UNINITIALIZED_AUTOS = YES_AGGRESSIVE;
				GCC_WARN_UNUSED_FUNCTION = YES;
				GCC_WARN_UNUSED_VARIABLE = YES;
				IPHONEOS_DEPLOYMENT_TARGET = 12.1;
				MTL_ENABLE_DEBUG_INFO = NO;
				MTL_FAST_MATH = YES;
				SDKROOT = iphoneos;
				SWIFT_COMPILATION_MODE = wholemodule;
				SWIFT_OPTIMIZATION_LEVEL = "-O";
				VALIDATE_PRODUCT = YES;
			};
			name = Release;
		};
		6A48DCF22218AF10008CA75C /* Debug */ = {
			isa = XCBuildConfiguration;
			buildSettings = {
				ASSETCATALOG_COMPILER_APPICON_NAME = AppIcon;
				CODE_SIGN_STYLE = Automatic;
				DEVELOPMENT_TEAM = 5KRGYLJC7Z;
				INFOPLIST_FILE = "Nasa App/Info.plist";
				LD_RUNPATH_SEARCH_PATHS = (
					"$(inherited)",
					"@executable_path/Frameworks",
				);
				PRODUCT_BUNDLE_IDENTIFIER = "com.lucas.studies.Nasa-App";
				PRODUCT_NAME = "$(TARGET_NAME)";
				SWIFT_VERSION = 4.2;
				TARGETED_DEVICE_FAMILY = "1,2";
			};
			name = Debug;
		};
		6A48DCF32218AF10008CA75C /* Release */ = {
			isa = XCBuildConfiguration;
			buildSettings = {
				ASSETCATALOG_COMPILER_APPICON_NAME = AppIcon;
				CODE_SIGN_STYLE = Automatic;
				DEVELOPMENT_TEAM = 5KRGYLJC7Z;
				INFOPLIST_FILE = "Nasa App/Info.plist";
				LD_RUNPATH_SEARCH_PATHS = (
					"$(inherited)",
					"@executable_path/Frameworks",
				);
				PRODUCT_BUNDLE_IDENTIFIER = "com.lucas.studies.Nasa-App";
				PRODUCT_NAME = "$(TARGET_NAME)";
				SWIFT_VERSION = 4.2;
				TARGETED_DEVICE_FAMILY = "1,2";
			};
			name = Release;
		};
/* End XCBuildConfiguration section */

/* Begin XCConfigurationList section */
		6A48DCD72218AF0B008CA75C /* Build configuration list for PBXProject "Nasa App" */ = {
			isa = XCConfigurationList;
			buildConfigurations = (
				6A48DCEF2218AF10008CA75C /* Debug */,
				6A48DCF02218AF10008CA75C /* Release */,
			);
			defaultConfigurationIsVisible = 0;
			defaultConfigurationName = Release;
		};
		6A48DCF12218AF10008CA75C /* Build configuration list for PBXNativeTarget "Nasa App" */ = {
			isa = XCConfigurationList;
			buildConfigurations = (
				6A48DCF22218AF10008CA75C /* Debug */,
				6A48DCF32218AF10008CA75C /* Release */,
			);
			defaultConfigurationIsVisible = 0;
			defaultConfigurationName = Release;
		};
/* End XCConfigurationList section */

/* Begin XCVersionGroup section */
		6A48DCE62218AF0B008CA75C /* Nasa_App.xcdatamodeld */ = {
			isa = XCVersionGroup;
			children = (
				6A48DCE72218AF0B008CA75C /* Nasa_App.xcdatamodel */,
			);
			currentVersion = 6A48DCE72218AF0B008CA75C /* Nasa_App.xcdatamodel */;
			path = Nasa_App.xcdatamodeld;
			sourceTree = "<group>";
			versionGroupType = wrapper.xcdatamodel;
		};
/* End XCVersionGroup section */
	};
	rootObject = 6A48DCD42218AF0B008CA75C /* Project object */;
}
